
Microsoft Visual Studio Solution File, Format Version 12.00
# Visual Studio 15
VisualStudioVersion = 15.0.28307.421
MinimumVisualStudioVersion = 10.0.40219.1
Project("{9A19103F-16F7-4668-BE54-9A1E7A4F7556}") = "FhirApp", "FhirApp\FhirApp.csproj", "{5079D432-7A8B-4F56-BDD8-736BE5BEB306}"
EndProject
Project("{FAE04EC0-301F-11D3-BF4B-00C04F79EFBC}") = "UnitTests", "UnitTests\UnitTests.csproj", "{8E3ECDDF-4220-4F3F-99B9-9489DB620037}"
EndProject
Global
	GlobalSection(SolutionConfigurationPlatforms) = preSolution
		Debug|Any CPU = Debug|Any CPU
		Release|Any CPU = Release|Any CPU
	EndGlobalSection
	GlobalSection(ProjectConfigurationPlatforms) = postSolution
		{5079D432-7A8B-4F56-BDD8-736BE5BEB306}.Debug|Any CPU.ActiveCfg = Debug|Any CPU
		{5079D432-7A8B-4F56-BDD8-736BE5BEB306}.Debug|Any CPU.Build.0 = Debug|Any CPU
		{5079D432-7A8B-4F56-BDD8-736BE5BEB306}.Release|Any CPU.ActiveCfg = Release|Any CPU
		{5079D432-7A8B-4F56-BDD8-736BE5BEB306}.Release|Any CPU.Build.0 = Release|Any CPU
		{8E3ECDDF-4220-4F3F-99B9-9489DB620037}.Debug|Any CPU.ActiveCfg = Debug|Any CPU
		{8E3ECDDF-4220-4F3F-99B9-9489DB620037}.Debug|Any CPU.Build.0 = Debug|Any CPU
		{8E3ECDDF-4220-4F3F-99B9-9489DB620037}.Release|Any CPU.ActiveCfg = Release|Any CPU
		{8E3ECDDF-4220-4F3F-99B9-9489DB620037}.Release|Any CPU.Build.0 = Release|Any CPU
	EndGlobalSection
	GlobalSection(SolutionProperties) = preSolution
		HideSolutionNode = FALSE
	EndGlobalSection
	GlobalSection(ExtensibilityGlobals) = postSolution
		SolutionGuid = {A91D13BF-3F0A-48BD-9BE1-E02F3C1F040A}
	EndGlobalSection
EndGlobal
